
Microsoft Visual Studio Solution File, Format Version 12.00
# Visual Studio Version 16
VisualStudioVersion = 16.0.29209.62
MinimumVisualStudioVersion = 10.0.40219.1
Project("{9A19103F-16F7-4668-BE54-9A1E7A4F7556}") = "RetailWebsite", "RetailWebsite\RetailWebsite.csproj", "{93DAB534-BDA0-480A-9428-1B1433503F4B}"
EndProject
Project("{9A19103F-16F7-4668-BE54-9A1E7A4F7556}") = "ProductsDb", "ProductsDb\ProductsDb.csproj", "{A649FAEA-F70B-4069-AE3C-5AB308AC9979}"
EndProject
Project("{9A19103F-16F7-4668-BE54-9A1E7A4F7556}") = "OrdersDb", "OrdersDb\OrdersDb.csproj", "{6C3E1A45-89E0-42D4-A731-AAF75C91BFFA}"
EndProject
Project("{FAE04EC0-301F-11D3-BF4B-00C04F79EFBC}") = "Services", "Services\Services.csproj", "{33183D29-85C7-4D4D-A61B-0814041B4938}"
EndProject
Project("{FAE04EC0-301F-11D3-BF4B-00C04F79EFBC}") = "Models", "Models\Models.csproj", "{81BB4C87-0604-47D3-92D0-6E42984DDD05}"
EndProject
Project("{FAE04EC0-301F-11D3-BF4B-00C04F79EFBC}") = "UnitTests", "UnitTests\UnitTests.csproj", "{8A667A91-640C-4A4B-BE64-154CF3D8F247}"
EndProject
Global
	GlobalSection(SolutionConfigurationPlatforms) = preSolution
		Debug|Any CPU = Debug|Any CPU
		Release|Any CPU = Release|Any CPU
	EndGlobalSection
	GlobalSection(ProjectConfigurationPlatforms) = postSolution
		{93DAB534-BDA0-480A-9428-1B1433503F4B}.Debug|Any CPU.ActiveCfg = Debug|Any CPU
		{93DAB534-BDA0-480A-9428-1B1433503F4B}.Debug|Any CPU.Build.0 = Debug|Any CPU
		{93DAB534-BDA0-480A-9428-1B1433503F4B}.Release|Any CPU.ActiveCfg = Release|Any CPU
		{93DAB534-BDA0-480A-9428-1B1433503F4B}.Release|Any CPU.Build.0 = Release|Any CPU
		{A649FAEA-F70B-4069-AE3C-5AB308AC9979}.Debug|Any CPU.ActiveCfg = Debug|Any CPU
		{A649FAEA-F70B-4069-AE3C-5AB308AC9979}.Debug|Any CPU.Build.0 = Debug|Any CPU
		{A649FAEA-F70B-4069-AE3C-5AB308AC9979}.Release|Any CPU.ActiveCfg = Release|Any CPU
		{A649FAEA-F70B-4069-AE3C-5AB308AC9979}.Release|Any CPU.Build.0 = Release|Any CPU
		{6C3E1A45-89E0-42D4-A731-AAF75C91BFFA}.Debug|Any CPU.ActiveCfg = Debug|Any CPU
		{6C3E1A45-89E0-42D4-A731-AAF75C91BFFA}.Debug|Any CPU.Build.0 = Debug|Any CPU
		{6C3E1A45-89E0-42D4-A731-AAF75C91BFFA}.Release|Any CPU.ActiveCfg = Release|Any CPU
		{6C3E1A45-89E0-42D4-A731-AAF75C91BFFA}.Release|Any CPU.Build.0 = Release|Any CPU
		{33183D29-85C7-4D4D-A61B-0814041B4938}.Debug|Any CPU.ActiveCfg = Debug|Any CPU
		{33183D29-85C7-4D4D-A61B-0814041B4938}.Debug|Any CPU.Build.0 = Debug|Any CPU
		{33183D29-85C7-4D4D-A61B-0814041B4938}.Release|Any CPU.ActiveCfg = Release|Any CPU
		{33183D29-85C7-4D4D-A61B-0814041B4938}.Release|Any CPU.Build.0 = Release|Any CPU
		{81BB4C87-0604-47D3-92D0-6E42984DDD05}.Debug|Any CPU.ActiveCfg = Debug|Any CPU
		{81BB4C87-0604-47D3-92D0-6E42984DDD05}.Debug|Any CPU.Build.0 = Debug|Any CPU
		{81BB4C87-0604-47D3-92D0-6E42984DDD05}.Release|Any CPU.ActiveCfg = Release|Any CPU
		{81BB4C87-0604-47D3-92D0-6E42984DDD05}.Release|Any CPU.Build.0 = Release|Any CPU
		{8A667A91-640C-4A4B-BE64-154CF3D8F247}.Debug|Any CPU.ActiveCfg = Debug|Any CPU
		{8A667A91-640C-4A4B-BE64-154CF3D8F247}.Debug|Any CPU.Build.0 = Debug|Any CPU
		{8A667A91-640C-4A4B-BE64-154CF3D8F247}.Release|Any CPU.ActiveCfg = Release|Any CPU
		{8A667A91-640C-4A4B-BE64-154CF3D8F247}.Release|Any CPU.Build.0 = Release|Any CPU
	EndGlobalSection
	GlobalSection(SolutionProperties) = preSolution
		HideSolutionNode = FALSE
	EndGlobalSection
	GlobalSection(ExtensibilityGlobals) = postSolution
		SolutionGuid = {84E6F440-B055-4910-B1BC-13D156BA0E6C}
	EndGlobalSection
EndGlobal
